dependencies:
  github.com/anzellai/sky-tailwind: 1.0.0
go:
  cloud.google.com/go/firestore: latest
  context: latest
  crypto/sha256: latest
  encoding/base64: latest
  encoding/hex: latest
  encoding/json: latest
  fmt: latest
  github.com/google/uuid: latest
  google.golang.org/api/iterator: latest
  io: latest
  net/http: latest
  net/url: latest
  os: latest
  strconv: latest
  strings: latest
